// !$*UTF8*$!
{
	archiveVersion = 1;
	classes = {
	};
	objectVersion = 54;
	objects = {

/* Begin PBXBuildFile section */
		01D68549EFB4A03054092F20 /* LoggingActionUITests.swift in Sources */ = {isa = PBXBuildFile; fileRef = FCD08D48313CFB97762BC365 /* LoggingActionUITests.swift */; };
		09BFA13F82E2572BAC25F5E4 /* AppStore.swift in Sources */ = {isa = PBXBuildFile; fileRef = FCF427EB93D36B9097A855A6 /* AppStore.swift */; };
		0A6DD6FC09C1418BCD3DCEFB /* EntryEditorSheet.swift in Sources */ = {isa = PBXBuildFile; fileRef = AE2DD6B52048D2798EA2E5F3 /* EntryEditorSheet.swift */; };
		0E46CDDC94EF85B49D2ACDAD /* ECCUITests.swift in Sources */ = {isa = PBXBuildFile; fileRef = D262B99BD0EC759215AA3C57 /* ECCUITests.swift */; };
		1236E6CB0184984B733F6D6F /* QuickLogWidget.appex in Embed Foundation Extensions */ = {isa = PBXBuildFile; fileRef = 7FEF45405281FC3ED419F35D /* QuickLogWidget.appex */; settings = {ATTRIBUTES = (RemoveHeadersOnCopy, ); }; };
		164A18ABC135A9A4AFBEB67D /* MealsAndSettings.swift in Sources */ = {isa = PBXBuildFile; fileRef = F82709D277285BC739A30C91 /* MealsAndSettings.swift */; };
		186180071911FF89526CB293 /* CalorieWidgetSnapshot.swift in Sources */ = {isa = PBXBuildFile; fileRef = A597C28BE22CBD637AE7A98C /* CalorieWidgetSnapshot.swift */; };
		1C79D5D216220C420906E540 /* PrivacyInfo.xcprivacy in Resources */ = {isa = PBXBuildFile; fileRef = 1C6E37BAB5D9CCB6184E9D19 /* PrivacyInfo.xcprivacy */; };
		1D7A4AB47066E3C6597ADB5C /* AIIntegrationTests.swift in Sources */ = {isa = PBXBuildFile; fileRef = 222BD8601E865F5C212C215F /* AIIntegrationTests.swift */; };
		1DFE396694AAE57A04E130BA /* Fonts in Resources */ = {isa = PBXBuildFile; fileRef = AACC11000000000000000002 /* Fonts */; };
		1E12A0B3B95F16831D1619B1 /* AIBackend.swift in Sources */ = {isa = PBXBuildFile; fileRef = 39E7847333FE9D2822D18768 /* AIBackend.swift */; };
		1EBCF8B7ED0B12B6F849734F /* CalorieWidgetSnapshot.swift in Sources */ = {isa = PBXBuildFile; fileRef = A597C28BE22CBD637AE7A98C /* CalorieWidgetSnapshot.swift */; };
		1F137D8C656A39AAD3B90C63 /* BarcodeScanner.swift in Sources */ = {isa = PBXBuildFile; fileRef = 541DCC8CF6D2160AB5060220 /* BarcodeScanner.swift */; };
		244A244F23513482C134630F /* RevenueCatUI in Frameworks */ = {isa = PBXBuildFile; productRef = E69A66047C3621631D6440F9 /* RevenueCatUI */; };
		24858B8A71CE98CCED1B3F26 /* LoggingActionTests.swift in Sources */ = {isa = PBXBuildFile; fileRef = C8A6FED4ACAFD031C423A752 /* LoggingActionTests.swift */; };
		317EC68685ECA3B2B035EC07 /* ECCTests.swift in Sources */ = {isa = PBXBuildFile; fileRef = 29C28A2360433059F3D4A800 /* ECCTests.swift */; };
		35E5B82CCF58C5A52924F0E8 /* MainView.swift in Sources */ = {isa = PBXBuildFile; fileRef = DC0A76AB61AB9ACE6EF609D4 /* MainView.swift */; };
		39CEC742B684188B0F99300C /* LoggingAction.swift in Sources */ = {isa = PBXBuildFile; fileRef = 04F2050A1AA162B13C70E09B /* LoggingAction.swift */; };
		3FE1EF03536DB20CF9255EAA /* WeightTrackingUITests.swift in Sources */ = {isa = PBXBuildFile; fileRef = F6C07BF5FE2BA6A0A795409D /* WeightTrackingUITests.swift */; };
		477BBF0EB4E89C3423D6318F /* Foundation.framework in Frameworks */ = {isa = PBXBuildFile; fileRef = 60F75519FD798D28842B739B /* Foundation.framework */; };
		4CA3A27C87A131EBC3CF7E51 /* CaveIcon.swift in Sources */ = {isa = PBXBuildFile; fileRef = 5B627F5DE7B765F759D4C456 /* CaveIcon.swift */; };
		4D20A17E184A713A9C9FED1E /* Assets.xcassets in Resources */ = {isa = PBXBuildFile; fileRef = 3309369A483B862BEEDEA084 /* Assets.xcassets */; };
		4E7B1B71B0ED7650AA0C64FF /* LoggingActionRouter.swift in Sources */ = {isa = PBXBuildFile; fileRef = 9BD73988D78B0505D85E71C8 /* LoggingActionRouter.swift */; };
		522662E0D3EFC4510F1CD187 /* CaveCalsApp.swift in Sources */ = {isa = PBXBuildFile; fileRef = 1E23E99F767CFFDE893A6C5C /* CaveCalsApp.swift */; };
		5946EC65DF97DC883DCE60C4 /* WeightTracking.swift in Sources */ = {isa = PBXBuildFile; fileRef = 14753FAE2AF643CE8497A9E9 /* WeightTracking.swift */; };
		59D0E4462EF36DD9CD7C5883 /* AIInputSheet.swift in Sources */ = {isa = PBXBuildFile; fileRef = A17492053FBE305D6482D24C /* AIInputSheet.swift */; };
		5CEB3936BCDEB6AA9E4B548C /* Foundation.framework in Frameworks */ = {isa = PBXBuildFile; fileRef = 60F75519FD798D28842B739B /* Foundation.framework */; };
		7053D018ED3D96CE1E0AC879 /* AVFoundation.framework in Frameworks */ = {isa = PBXBuildFile; fileRef = 6DCC4E83042698A870482163 /* AVFoundation.framework */; };
		749CD1F7A48E7ACDB3E520BE /* CalorieWidgetTests.swift in Sources */ = {isa = PBXBuildFile; fileRef = 02756BF619D652D62B1C0801 /* CalorieWidgetTests.swift */; };
		74E38313007017D8F76C2E9B /* AISubscriptions.swift in Sources */ = {isa = PBXBuildFile; fileRef = 6EB099EDFFF0CD95043CFD6B /* AISubscriptions.swift */; };
		79C0D2A8B1BFC35F7ADC178C /* WeightTrackingTests.swift in Sources */ = {isa = PBXBuildFile; fileRef = 69432E70389C532222506CFE /* WeightTrackingTests.swift */; };
		7E0676A629A8B0631D6B0B9F /* QuickLogWidget.swift in Sources */ = {isa = PBXBuildFile; fileRef = 6F22CF4487F14C6E5AA3226F /* QuickLogWidget.swift */; };
		8D55ABD4E37F9704ACA7FC19 /* Foundation.framework in Frameworks */ = {isa = PBXBuildFile; fileRef = 60F75519FD798D28842B739B /* Foundation.framework */; };
		945E0C534E7C334D3A32514E /* WeightViews.swift in Sources */ = {isa = PBXBuildFile; fileRef = 294EBEE8DA9D387437E6085E /* WeightViews.swift */; };
		96323748F9DC17819716FD77 /* FoodProvider.swift in Sources */ = {isa = PBXBuildFile; fileRef = 9C3F508E7A7C05D60934A294 /* FoodProvider.swift */; };
		983832F717BA4D3D8B789E72 /* LoggingAction.swift in Sources */ = {isa = PBXBuildFile; fileRef = 04F2050A1AA162B13C70E09B /* LoggingAction.swift */; };
		AACC11000000000000000001 /* Fonts in Resources */ = {isa = PBXBuildFile; fileRef = AACC11000000000000000002 /* Fonts */; };
		AACC22000000000000000001 /* CommonFoods.json in Resources */ = {isa = PBXBuildFile; fileRef = AACC22000000000000000002 /* CommonFoods.json */; };
		AACC33000000000000000001 /* LaunchScreen.storyboard in Resources */ = {isa = PBXBuildFile; fileRef = AACC33000000000000000002 /* LaunchScreen.storyboard */; };
		ABA9E9C24F2F908529AA1276 /* CaveIcons.xcassets in Resources */ = {isa = PBXBuildFile; fileRef = EC6918516005A73F3528519C /* CaveIcons.xcassets */; };
		B41247EC91065AF23F421734 /* PrivacyInfo.xcprivacy in Resources */ = {isa = PBXBuildFile; fileRef = 06D20150EE354567305B2E08 /* PrivacyInfo.xcprivacy */; };
		BB4D3C8510C4D6C13C271CB4 /* Foundation.framework in Frameworks */ = {isa = PBXBuildFile; fileRef = 60F75519FD798D28842B739B /* Foundation.framework */; };
		C7BDDEB1EFA44ECA6C94E8C9 /* CaveIcons.xcassets in Resources */ = {isa = PBXBuildFile; fileRef = EC6918516005A73F3528519C /* CaveIcons.xcassets */; };
		CF1AA7E78E4D28491ACEDA2A /* CaveIcon.swift in Sources */ = {isa = PBXBuildFile; fileRef = 5B627F5DE7B765F759D4C456 /* CaveIcon.swift */; };
		DF937A6483ACE0B29A1ED969 /* FoodHistory.swift in Sources */ = {isa = PBXBuildFile; fileRef = CB9A5D9742D425FCFEB08983 /* FoodHistory.swift */; };
		E114D3C4E62EB2E1924E6E13 /* Models.swift in Sources */ = {isa = PBXBuildFile; fileRef = 8DFEBB16FFDCBF92F04E9AD5 /* Models.swift */; };
		E215968B531C3F626A9EC8F2 /* CloudKit.framework in Frameworks */ = {isa = PBXBuildFile; fileRef = 02F307EB109C46B14F971CA4 /* CloudKit.framework */; };
		F630A3BB15EECFC6C9AB4D58 /* WeightHealthExporter.swift in Sources */ = {isa = PBXBuildFile; fileRef = 0A8E343231ED893C00899A04 /* WeightHealthExporter.swift */; };
		F6EBDF603D5065461DEFD5EA /* RevenueCat in Frameworks */ = {isa = PBXBuildFile; productRef = 478C002A46CD3337FA7531CC /* RevenueCat */; };
		F7E222213BDE0B50CD1DA2ED /* AIDeveloperSettings.swift in Sources */ = {isa = PBXBuildFile; fileRef = 25E7486514F9CFE0D95E4D4D /* AIDeveloperSettings.swift */; };
/* End PBXBuildFile section */

/* Begin PBXContainerItemProxy section */
		21ADF72106DEE7FE201781D6 /* PBXContainerItemProxy */ = {
			isa = PBXContainerItemProxy;
			containerPortal = 89732D764A9481DB29636720 /* Project object */;
			proxyType = 1;
			remoteGlobalIDString = 993DF7784AE8752E1F6CB5BD;
			remoteInfo = QuickLogWidget;
		};
		DBBEB12D8B357D691BC8CF60 /* PBXContainerItemProxy */ = {
			isa = PBXContainerItemProxy;
			containerPortal = 89732D764A9481DB29636720 /* Project object */;
			proxyType = 1;
			remoteGlobalIDString = 02D05E2F57E4C8290671F829;
			remoteInfo = CaveCals;
		};
		F20C1016A7775FAA6D24FE48 /* PBXContainerItemProxy */ = {
			isa = PBXContainerItemProxy;
			containerPortal = 89732D764A9481DB29636720 /* Project object */;
			proxyType = 1;
			remoteGlobalIDString = 02D05E2F57E4C8290671F829;
			remoteInfo = CaveCals;
		};
/* End PBXContainerItemProxy section */

/* Begin PBXCopyFilesBuildPhase section */
		3DD431CC54B6F96D9833E33B /* Embed Foundation Extensions */ = {
			isa = PBXCopyFilesBuildPhase;
			buildActionMask = 2147483647;
			dstPath = "";
			dstSubfolderSpec = 13;
			files = (
				1236E6CB0184984B733F6D6F /* QuickLogWidget.appex in Embed Foundation Extensions */,
			);
			name = "Embed Foundation Extensions";
			runOnlyForDeploymentPostprocessing = 0;
		};
/* End PBXCopyFilesBuildPhase section */

/* Begin PBXFileReference section */
		02756BF619D652D62B1C0801 /* CalorieWidgetTests.swift */ = {isa = PBXFileReference; includeInIndex = 1; lastKnownFileType = sourcecode.swift; path = CalorieWidgetTests.swift; sourceTree = "<group>"; };
		02F307EB109C46B14F971CA4 /* CloudKit.framework */ = {isa = PBXFileReference; lastKnownFileType = wrapper.framework; name = CloudKit.framework; path = Platforms/iPhoneOS.platform/Developer/SDKs/iPhoneOS18.0.sdk/System/Library/Frameworks/CloudKit.framework; sourceTree = DEVELOPER_DIR; };
		04F2050A1AA162B13C70E09B /* LoggingAction.swift */ = {isa = PBXFileReference; includeInIndex = 1; lastKnownFileType = sourcecode.swift; path = LoggingAction.swift; sourceTree = "<group>"; };
		06D20150EE354567305B2E08 /* PrivacyInfo.xcprivacy */ = {isa = PBXFileReference; includeInIndex = 1; lastKnownFileType = text.xml; name = PrivacyInfo.xcprivacy; path = App/PrivacyInfo.xcprivacy; sourceTree = "<group>"; };
		0A8E343231ED893C00899A04 /* WeightHealthExporter.swift */ = {isa = PBXFileReference; includeInIndex = 1; lastKnownFileType = sourcecode.swift; path = WeightHealthExporter.swift; sourceTree = "<group>"; };
		14753FAE2AF643CE8497A9E9 /* WeightTracking.swift */ = {isa = PBXFileReference; includeInIndex = 1; lastKnownFileType = sourcecode.swift; path = WeightTracking.swift; sourceTree = "<group>"; };
		1C6E37BAB5D9CCB6184E9D19 /* PrivacyInfo.xcprivacy */ = {isa = PBXFileReference; includeInIndex = 1; lastKnownFileType = text.xml; path = PrivacyInfo.xcprivacy; sourceTree = "<group>"; };
		1CAFD4B9FB828367FF05E161 /* Backend.xcconfig */ = {isa = PBXFileReference; includeInIndex = 1; lastKnownFileType = text.xcconfig; name = Backend.xcconfig; path = App/Backend.xcconfig; sourceTree = "<group>"; };
		1E23E99F767CFFDE893A6C5C /* CaveCalsApp.swift */ = {isa = PBXFileReference; includeInIndex = 1; lastKnownFileType = sourcecode.swift; path = CaveCalsApp.swift; sourceTree = "<group>"; };
		222BD8601E865F5C212C215F /* AIIntegrationTests.swift */ = {isa = PBXFileReference; includeInIndex = 1; lastKnownFileType = sourcecode.swift; path = AIIntegrationTests.swift; sourceTree = "<group>"; };
		25E7486514F9CFE0D95E4D4D /* AIDeveloperSettings.swift */ = {isa = PBXFileReference; includeInIndex = 1; lastKnownFileType = sourcecode.swift; path = AIDeveloperSettings.swift; sourceTree = "<group>"; };
		294EBEE8DA9D387437E6085E /* WeightViews.swift */ = {isa = PBXFileReference; includeInIndex = 1; lastKnownFileType = sourcecode.swift; path = WeightViews.swift; sourceTree = "<group>"; };
		29C28A2360433059F3D4A800 /* ECCTests.swift */ = {isa = PBXFileReference; includeInIndex = 1; lastKnownFileType = sourcecode.swift; path = ECCTests.swift; sourceTree = "<group>"; };
		2ADCFB9B4FE564726F1C9ACC /* QuickLogWidget.entitlements */ = {isa = PBXFileReference; includeInIndex = 1; lastKnownFileType = text.plist.entitlements; path = QuickLogWidget.entitlements; sourceTree = "<group>"; };
		3309369A483B862BEEDEA084 /* Assets.xcassets */ = {isa = PBXFileReference; includeInIndex = 1; lastKnownFileType = folder.assetcatalog; name = Assets.xcassets; path = App/Assets.xcassets; sourceTree = "<group>"; };
		345473C621200A1AD33FA755 /* ECCTests.xctest */ = {isa = PBXFileReference; explicitFileType = wrapper.cfbundle; includeInIndex = 0; path = ECCTests.xctest; sourceTree = BUILT_PRODUCTS_DIR; };
		39E7847333FE9D2822D18768 /* AIBackend.swift */ = {isa = PBXFileReference; includeInIndex = 1; lastKnownFileType = sourcecode.swift; path = AIBackend.swift; sourceTree = "<group>"; };
		541DCC8CF6D2160AB5060220 /* BarcodeScanner.swift */ = {isa = PBXFileReference; includeInIndex = 1; lastKnownFileType = sourcecode.swift; path = BarcodeScanner.swift; sourceTree = "<group>"; };
		581ECFEB8543B8F07F457C75 /* ECCUITests.xctest */ = {isa = PBXFileReference; explicitFileType = wrapper.cfbundle; includeInIndex = 0; path = ECCUITests.xctest; sourceTree = BUILT_PRODUCTS_DIR; };
		5B627F5DE7B765F759D4C456 /* CaveIcon.swift */ = {isa = PBXFileReference; includeInIndex = 1; lastKnownFileType = sourcecode.swift; path = CaveIcon.swift; sourceTree = "<group>"; };
		60F75519FD798D28842B739B /* Foundation.framework */ = {isa = PBXFileReference; lastKnownFileType = wrapper.framework; name = Foundation.framework; path = Platforms/iPhoneOS.platform/Developer/SDKs/iPhoneOS18.0.sdk/System/Library/Frameworks/Foundation.framework; sourceTree = DEVELOPER_DIR; };
		67750F0D12D6A67FAD6885ED /* CaveCals.app */ = {isa = PBXFileReference; explicitFileType = wrapper.application; includeInIndex = 0; path = CaveCals.app; sourceTree = BUILT_PRODUCTS_DIR; };
		69432E70389C532222506CFE /* WeightTrackingTests.swift */ = {isa = PBXFileReference; includeInIndex = 1; lastKnownFileType = sourcecode.swift; path = WeightTrackingTests.swift; sourceTree = "<group>"; };
		6DCC4E83042698A870482163 /* AVFoundation.framework */ = {isa = PBXFileReference; lastKnownFileType = wrapper.framework; name = AVFoundation.framework; path = Platforms/iPhoneOS.platform/Developer/SDKs/iPhoneOS18.0.sdk/System/Library/Frameworks/AVFoundation.framework; sourceTree = DEVELOPER_DIR; };
		6EB099EDFFF0CD95043CFD6B /* AISubscriptions.swift */ = {isa = PBXFileReference; includeInIndex = 1; lastKnownFileType = sourcecode.swift; path = AISubscriptions.swift; sourceTree = "<group>"; };
		6F22CF4487F14C6E5AA3226F /* QuickLogWidget.swift */ = {isa = PBXFileReference; includeInIndex = 1; lastKnownFileType = sourcecode.swift; path = QuickLogWidget.swift; sourceTree = "<group>"; };
		7FEF45405281FC3ED419F35D /* QuickLogWidget.appex */ = {isa = PBXFileReference; explicitFileType = "wrapper.app-extension"; includeInIndex = 0; path = QuickLogWidget.appex; sourceTree = BUILT_PRODUCTS_DIR; };
		8DFEBB16FFDCBF92F04E9AD5 /* Models.swift */ = {isa = PBXFileReference; includeInIndex = 1; lastKnownFileType = sourcecode.swift; path = Models.swift; sourceTree = "<group>"; };
		9BD73988D78B0505D85E71C8 /* LoggingActionRouter.swift */ = {isa = PBXFileReference; includeInIndex = 1; lastKnownFileType = sourcecode.swift; path = LoggingActionRouter.swift; sourceTree = "<group>"; };
		9C3F508E7A7C05D60934A294 /* FoodProvider.swift */ = {isa = PBXFileReference; includeInIndex = 1; lastKnownFileType = sourcecode.swift; path = FoodProvider.swift; sourceTree = "<group>"; };
		9E67F8CD524B7AD2039451D1 /* Info.plist */ = {isa = PBXFileReference; includeInIndex = 1; lastKnownFileType = text.plist.xml; path = Info.plist; sourceTree = "<group>"; };
		A17492053FBE305D6482D24C /* AIInputSheet.swift */ = {isa = PBXFileReference; includeInIndex = 1; lastKnownFileType = sourcecode.swift; path = AIInputSheet.swift; sourceTree = "<group>"; };
		A597C28BE22CBD637AE7A98C /* CalorieWidgetSnapshot.swift */ = {isa = PBXFileReference; includeInIndex = 1; lastKnownFileType = sourcecode.swift; path = CalorieWidgetSnapshot.swift; sourceTree = "<group>"; };
		AACC11000000000000000002 /* Fonts */ = {isa = PBXFileReference; lastKnownFileType = folder; name = Fonts; path = App/Fonts; sourceTree = "<group>"; };
		AACC22000000000000000002 /* CommonFoods.json */ = {isa = PBXFileReference; lastKnownFileType = text.json; name = CommonFoods.json; path = App/CommonFoods.json; sourceTree = "<group>"; };
		AACC33000000000000000002 /* LaunchScreen.storyboard */ = {isa = PBXFileReference; lastKnownFileType = file.storyboard; name = LaunchScreen.storyboard; path = App/LaunchScreen.storyboard; sourceTree = "<group>"; };
		AE2DD6B52048D2798EA2E5F3 /* EntryEditorSheet.swift */ = {isa = PBXFileReference; includeInIndex = 1; lastKnownFileType = sourcecode.swift; path = EntryEditorSheet.swift; sourceTree = "<group>"; };
		C8A6FED4ACAFD031C423A752 /* LoggingActionTests.swift */ = {isa = PBXFileReference; includeInIndex = 1; lastKnownFileType = sourcecode.swift; path = LoggingActionTests.swift; sourceTree = "<group>"; };
		CB9A5D9742D425FCFEB08983 /* FoodHistory.swift */ = {isa = PBXFileReference; includeInIndex = 1; lastKnownFileType = sourcecode.swift; path = FoodHistory.swift; sourceTree = "<group>"; };
		D262B99BD0EC759215AA3C57 /* ECCUITests.swift */ = {isa = PBXFileReference; includeInIndex = 1; lastKnownFileType = sourcecode.swift; path = ECCUITests.swift; sourceTree = "<group>"; };
		DC0A76AB61AB9ACE6EF609D4 /* MainView.swift */ = {isa = PBXFileReference; includeInIndex = 1; lastKnownFileType = sourcecode.swift; path = MainView.swift; sourceTree = "<group>"; };
		EC6918516005A73F3528519C /* CaveIcons.xcassets */ = {isa = PBXFileReference; includeInIndex = 1; lastKnownFileType = folder.assetcatalog; path = CaveIcons.xcassets; sourceTree = "<group>"; };
		F6C07BF5FE2BA6A0A795409D /* WeightTrackingUITests.swift */ = {isa = PBXFileReference; includeInIndex = 1; lastKnownFileType = sourcecode.swift; path = WeightTrackingUITests.swift; sourceTree = "<group>"; };
		F82709D277285BC739A30C91 /* MealsAndSettings.swift */ = {isa = PBXFileReference; includeInIndex = 1; lastKnownFileType = sourcecode.swift; path = MealsAndSettings.swift; sourceTree = "<group>"; };
		FCD08D48313CFB97762BC365 /* LoggingActionUITests.swift */ = {isa = PBXFileReference; includeInIndex = 1; lastKnownFileType = sourcecode.swift; path = LoggingActionUITests.swift; sourceTree = "<group>"; };
		FCF427EB93D36B9097A855A6 /* AppStore.swift */ = {isa = PBXFileReference; includeInIndex = 1; lastKnownFileType = sourcecode.swift; path = AppStore.swift; sourceTree = "<group>"; };
/* End PBXFileReference section */

/* Begin PBXFrameworksBuildPhase section */
		06B5FAAB0EFFA5ED78AC3401 /* Frameworks */ = {
			isa = PBXFrameworksBuildPhase;
			buildActionMask = 2147483647;
			files = (
				8D55ABD4E37F9704ACA7FC19 /* Foundation.framework in Frameworks */,
				E215968B531C3F626A9EC8F2 /* CloudKit.framework in Frameworks */,
				7053D018ED3D96CE1E0AC879 /* AVFoundation.framework in Frameworks */,
				F6EBDF603D5065461DEFD5EA /* RevenueCat in Frameworks */,
				244A244F23513482C134630F /* RevenueCatUI in Frameworks */,
			);
			runOnlyForDeploymentPostprocessing = 0;
		};
		490566D117A27D4D1C332A8B /* Frameworks */ = {
			isa = PBXFrameworksBuildPhase;
			buildActionMask = 2147483647;
			files = (
				477BBF0EB4E89C3423D6318F /* Foundation.framework in Frameworks */,
			);
			runOnlyForDeploymentPostprocessing = 0;
		};
		5BAF235972D3B74CF3F6687B /* Frameworks */ = {
			isa = PBXFrameworksBuildPhase;
			buildActionMask = 2147483647;
			files = (
				5CEB3936BCDEB6AA9E4B548C /* Foundation.framework in Frameworks */,
			);
			runOnlyForDeploymentPostprocessing = 0;
		};
		C30D9DF303A249AEF3D97417 /* Frameworks */ = {
			isa = PBXFrameworksBuildPhase;
			buildActionMask = 2147483647;
			files = (
				BB4D3C8510C4D6C13C271CB4 /* Foundation.framework in Frameworks */,
			);
			runOnlyForDeploymentPostprocessing = 0;
		};
/* End PBXFrameworksBuildPhase section */

/* Begin PBXGroup section */
		126C9FD742216EC10863245B /* UITests */ = {
			isa = PBXGroup;
			children = (
				D262B99BD0EC759215AA3C57 /* ECCUITests.swift */,
				FCD08D48313CFB97762BC365 /* LoggingActionUITests.swift */,
				F6C07BF5FE2BA6A0A795409D /* WeightTrackingUITests.swift */,
			);
			path = UITests;
			sourceTree = "<group>";
		};
		177B5F1AACD9081976F98FE7 /* Frameworks */ = {
			isa = PBXGroup;
			children = (
				76B68D192E1574805848A796 /* iOS */,
			);
			name = Frameworks;
			sourceTree = "<group>";
		};
		4D2D1E458BC1988AEA9AF424 = {
			isa = PBXGroup;
			children = (
				6F80E934D14D937E4B1310F6 /* Products */,
				177B5F1AACD9081976F98FE7 /* Frameworks */,
				E4B161D91B5AB98BC2229769 /* App */,
				8C9D323C5FD7B0A7CB8D9565 /* Tests */,
				126C9FD742216EC10863245B /* UITests */,
				3309369A483B862BEEDEA084 /* Assets.xcassets */,
				AACC33000000000000000002 /* LaunchScreen.storyboard */,
				AACC11000000000000000002 /* Fonts */,
				AACC22000000000000000002 /* CommonFoods.json */,
				06D20150EE354567305B2E08 /* PrivacyInfo.xcprivacy */,
				1CAFD4B9FB828367FF05E161 /* Backend.xcconfig */,
				CDD66A2E49E0206D8F2762D4 /* Widgets */,
				EFC1FD3CDC51E7603F9B3EE4 /* Shared */,
			);
			sourceTree = "<group>";
		};
		6F80E934D14D937E4B1310F6 /* Products */ = {
			isa = PBXGroup;
			children = (
				67750F0D12D6A67FAD6885ED /* CaveCals.app */,
				345473C621200A1AD33FA755 /* ECCTests.xctest */,
				581ECFEB8543B8F07F457C75 /* ECCUITests.xctest */,
				7FEF45405281FC3ED419F35D /* QuickLogWidget.appex */,
			);
			name = Products;
			sourceTree = "<group>";
		};
		76B68D192E1574805848A796 /* iOS */ = {
			isa = PBXGroup;
			children = (
				60F75519FD798D28842B739B /* Foundation.framework */,
				02F307EB109C46B14F971CA4 /* CloudKit.framework */,
				6DCC4E83042698A870482163 /* AVFoundation.framework */,
			);
			name = iOS;
			sourceTree = "<group>";
		};
		8C9D323C5FD7B0A7CB8D9565 /* Tests */ = {
			isa = PBXGroup;
			children = (
				29C28A2360433059F3D4A800 /* ECCTests.swift */,
				222BD8601E865F5C212C215F /* AIIntegrationTests.swift */,
				C8A6FED4ACAFD031C423A752 /* LoggingActionTests.swift */,
				02756BF619D652D62B1C0801 /* CalorieWidgetTests.swift */,
				69432E70389C532222506CFE /* WeightTrackingTests.swift */,
			);
			path = Tests;
			sourceTree = "<group>";
		};
		CDD66A2E49E0206D8F2762D4 /* Widgets */ = {
			isa = PBXGroup;
			children = (
				6F22CF4487F14C6E5AA3226F /* QuickLogWidget.swift */,
				9E67F8CD524B7AD2039451D1 /* Info.plist */,
				2ADCFB9B4FE564726F1C9ACC /* QuickLogWidget.entitlements */,
				1C6E37BAB5D9CCB6184E9D19 /* PrivacyInfo.xcprivacy */,
			);
			path = Widgets;
			sourceTree = "<group>";
		};
		E4B161D91B5AB98BC2229769 /* App */ = {
			isa = PBXGroup;
			children = (
				FCF427EB93D36B9097A855A6 /* AppStore.swift */,
				541DCC8CF6D2160AB5060220 /* BarcodeScanner.swift */,
				1E23E99F767CFFDE893A6C5C /* CaveCalsApp.swift */,
				AE2DD6B52048D2798EA2E5F3 /* EntryEditorSheet.swift */,
				CB9A5D9742D425FCFEB08983 /* FoodHistory.swift */,
				9C3F508E7A7C05D60934A294 /* FoodProvider.swift */,
				DC0A76AB61AB9ACE6EF609D4 /* MainView.swift */,
				F82709D277285BC739A30C91 /* MealsAndSettings.swift */,
				8DFEBB16FFDCBF92F04E9AD5 /* Models.swift */,
				39E7847333FE9D2822D18768 /* AIBackend.swift */,
				6EB099EDFFF0CD95043CFD6B /* AISubscriptions.swift */,
				A17492053FBE305D6482D24C /* AIInputSheet.swift */,
				25E7486514F9CFE0D95E4D4D /* AIDeveloperSettings.swift */,
				9BD73988D78B0505D85E71C8 /* LoggingActionRouter.swift */,
				14753FAE2AF643CE8497A9E9 /* WeightTracking.swift */,
				0A8E343231ED893C00899A04 /* WeightHealthExporter.swift */,
				294EBEE8DA9D387437E6085E /* WeightViews.swift */,
			);
			path = App;
			sourceTree = "<group>";
		};
		EFC1FD3CDC51E7603F9B3EE4 /* Shared */ = {
			isa = PBXGroup;
			children = (
				04F2050A1AA162B13C70E09B /* LoggingAction.swift */,
				A597C28BE22CBD637AE7A98C /* CalorieWidgetSnapshot.swift */,
				5B627F5DE7B765F759D4C456 /* CaveIcon.swift */,
				EC6918516005A73F3528519C /* CaveIcons.xcassets */,
			);
			path = Shared;
			sourceTree = "<group>";
		};
/* End PBXGroup section */

/* Begin PBXNativeTarget section */
		02D05E2F57E4C8290671F829 /* CaveCals */ = {
			isa = PBXNativeTarget;
			buildConfigurationList = C2EC9E43655AA099CEF613ED /* Build configuration list for PBXNativeTarget "CaveCals" */;
			buildPhases = (
				2F5F5893DAEE635DBA1180B8 /* Sources */,
				06B5FAAB0EFFA5ED78AC3401 /* Frameworks */,
				6DCEAEBE36EB9532CA0F12E5 /* Resources */,
				3DD431CC54B6F96D9833E33B /* Embed Foundation Extensions */,
			);
			buildRules = (
			);
			dependencies = (
				A0774D29F46EFD7F90C849AD /* PBXTargetDependency */,
			);
			name = CaveCals;
			packageProductDependencies = (
				478C002A46CD3337FA7531CC /* RevenueCat */,
				E69A66047C3621631D6440F9 /* RevenueCatUI */,
			);
			productName = CaveCals;
			productReference = 67750F0D12D6A67FAD6885ED /* CaveCals.app */;
			productType = "com.apple.product-type.application";
		};
		0D8260698970F3709ABDEDAF /* ECCTests */ = {
			isa = PBXNativeTarget;
			buildConfigurationList = 48A028014882D2B2CDF6825F /* Build configuration list for PBXNativeTarget "ECCTests" */;
			buildPhases = (
				6518B6626E9C71FFDEEF0F5E /* Sources */,
				5BAF235972D3B74CF3F6687B /* Frameworks */,
				382B0B4864721814D4A55C94 /* Resources */,
			);
			buildRules = (
			);
			dependencies = (
				CF0A7C2CBC82288EB79C9BBF /* PBXTargetDependency */,
			);
			name = ECCTests;
			productName = ECCTests;
			productReference = 345473C621200A1AD33FA755 /* ECCTests.xctest */;
			productType = "com.apple.product-type.bundle.unit-test";
		};
		2BD2B39F47963618D7E60BF2 /* ECCUITests */ = {
			isa = PBXNativeTarget;
			buildConfigurationList = 177B55BBE54099DE9BB225C2 /* Build configuration list for PBXNativeTarget "ECCUITests" */;
			buildPhases = (
				9A1896B72B1AE2831BDB25CB /* Sources */,
				C30D9DF303A249AEF3D97417 /* Frameworks */,
				B1678951682BBBB173885605 /* Resources */,
			);
			buildRules = (
			);
			dependencies = (
				421EBAEF5D8528B6529E3E5E /* PBXTargetDependency */,
			);
			name = ECCUITests;
			productName = ECCUITests;
			productReference = 581ECFEB8543B8F07F457C75 /* ECCUITests.xctest */;
			productType = "com.apple.product-type.bundle.ui-testing";
		};
		993DF7784AE8752E1F6CB5BD /* QuickLogWidget */ = {
			isa = PBXNativeTarget;
			buildConfigurationList = 2A2D7E712E3A0C1CA328EB49 /* Build configuration list for PBXNativeTarget "QuickLogWidget" */;
			buildPhases = (
				60A0065C3F0DBE95EAAF2E93 /* Sources */,
				490566D117A27D4D1C332A8B /* Frameworks */,
				CB722CA0A57DB7864A0F42ED /* Resources */,
			);
			buildRules = (
			);
			dependencies = (
			);
			name = QuickLogWidget;
			productName = QuickLogWidget;
			productReference = 7FEF45405281FC3ED419F35D /* QuickLogWidget.appex */;
			productType = "com.apple.product-type.app-extension";
		};
/* End PBXNativeTarget section */

/* Begin PBXProject section */
		89732D764A9481DB29636720 /* Project object */ = {
			isa = PBXProject;
			attributes = {
				BuildIndependentTargetsInParallel = YES;
				LastSwiftUpdateCheck = 1600;
				LastUpgradeCheck = 2600;
				TargetAttributes = {
					02D05E2F57E4C8290671F829 = {
						DevelopmentTeam = J877QX85N5;
						ProvisioningStyle = Automatic;
					};
					0D8260698970F3709ABDEDAF = {
						ProvisioningStyle = Automatic;
					};
					2BD2B39F47963618D7E60BF2 = {
						ProvisioningStyle = Automatic;
					};
				};
			};
			buildConfigurationList = 5132E81A8F899AAF950B71DA /* Build configuration list for PBXProject "CaveCals" */;
			compatibilityVersion = "Xcode 3.2";
			developmentRegion = en;
			hasScannedForEncodings = 0;
			knownRegions = (
				en,
				Base,
			);
			mainGroup = 4D2D1E458BC1988AEA9AF424;
			packageReferences = (
				437805C485804026F8663BD5 /* XCRemoteSwiftPackageReference "purchases-ios" */,
			);
			productRefGroup = 6F80E934D14D937E4B1310F6 /* Products */;
			projectDirPath = "";
			projectRoot = "";
			targets = (
				02D05E2F57E4C8290671F829 /* CaveCals */,
				0D8260698970F3709ABDEDAF /* ECCTests */,
				2BD2B39F47963618D7E60BF2 /* ECCUITests */,
				993DF7784AE8752E1F6CB5BD /* QuickLogWidget */,
			);
		};
/* End PBXProject section */

/* Begin PBXResourcesBuildPhase section */
		382B0B4864721814D4A55C94 /* Resources */ = {
			isa = PBXResourcesBuildPhase;
			buildActionMask = 2147483647;
			files = (
			);
			runOnlyForDeploymentPostprocessing = 0;
		};
		6DCEAEBE36EB9532CA0F12E5 /* Resources */ = {
			isa = PBXResourcesBuildPhase;
			buildActionMask = 2147483647;
			files = (
				4D20A17E184A713A9C9FED1E /* Assets.xcassets in Resources */,
				AACC33000000000000000001 /* LaunchScreen.storyboard in Resources */,
				AACC11000000000000000001 /* Fonts in Resources */,
				AACC22000000000000000001 /* CommonFoods.json in Resources */,
				B41247EC91065AF23F421734 /* PrivacyInfo.xcprivacy in Resources */,
				ABA9E9C24F2F908529AA1276 /* CaveIcons.xcassets in Resources */,
			);
			runOnlyForDeploymentPostprocessing = 0;
		};
		B1678951682BBBB173885605 /* Resources */ = {
			isa = PBXResourcesBuildPhase;
			buildActionMask = 2147483647;
			files = (
			);
			runOnlyForDeploymentPostprocessing = 0;
		};
		CB722CA0A57DB7864A0F42ED /* Resources */ = {
			isa = PBXResourcesBuildPhase;
			buildActionMask = 2147483647;
			files = (
				1C79D5D216220C420906E540 /* PrivacyInfo.xcprivacy in Resources */,
				C7BDDEB1EFA44ECA6C94E8C9 /* CaveIcons.xcassets in Resources */,
				1DFE396694AAE57A04E130BA /* Fonts in Resources */,
			);
			runOnlyForDeploymentPostprocessing = 0;
		};
/* End PBXResourcesBuildPhase section */

/* Begin PBXSourcesBuildPhase section */
		2F5F5893DAEE635DBA1180B8 /* Sources */ = {
			isa = PBXSourcesBuildPhase;
			buildActionMask = 2147483647;
			files = (
				09BFA13F82E2572BAC25F5E4 /* AppStore.swift in Sources */,
				1F137D8C656A39AAD3B90C63 /* BarcodeScanner.swift in Sources */,
				522662E0D3EFC4510F1CD187 /* CaveCalsApp.swift in Sources */,
				0A6DD6FC09C1418BCD3DCEFB /* EntryEditorSheet.swift in Sources */,
				DF937A6483ACE0B29A1ED969 /* FoodHistory.swift in Sources */,
				96323748F9DC17819716FD77 /* FoodProvider.swift in Sources */,
				35E5B82CCF58C5A52924F0E8 /* MainView.swift in Sources */,
				164A18ABC135A9A4AFBEB67D /* MealsAndSettings.swift in Sources */,
				E114D3C4E62EB2E1924E6E13 /* Models.swift in Sources */,
				1E12A0B3B95F16831D1619B1 /* AIBackend.swift in Sources */,
				74E38313007017D8F76C2E9B /* AISubscriptions.swift in Sources */,
				59D0E4462EF36DD9CD7C5883 /* AIInputSheet.swift in Sources */,
				F7E222213BDE0B50CD1DA2ED /* AIDeveloperSettings.swift in Sources */,
				39CEC742B684188B0F99300C /* LoggingAction.swift in Sources */,
				4E7B1B71B0ED7650AA0C64FF /* LoggingActionRouter.swift in Sources */,
				186180071911FF89526CB293 /* CalorieWidgetSnapshot.swift in Sources */,
				4CA3A27C87A131EBC3CF7E51 /* CaveIcon.swift in Sources */,
				5946EC65DF97DC883DCE60C4 /* WeightTracking.swift in Sources */,
				F630A3BB15EECFC6C9AB4D58 /* WeightHealthExporter.swift in Sources */,
				945E0C534E7C334D3A32514E /* WeightViews.swift in Sources */,
			);
			runOnlyForDeploymentPostprocessing = 0;
		};
		60A0065C3F0DBE95EAAF2E93 /* Sources */ = {
			isa = PBXSourcesBuildPhase;
			buildActionMask = 2147483647;
			files = (
				7E0676A629A8B0631D6B0B9F /* QuickLogWidget.swift in Sources */,
				983832F717BA4D3D8B789E72 /* LoggingAction.swift in Sources */,
				1EBCF8B7ED0B12B6F849734F /* CalorieWidgetSnapshot.swift in Sources */,
				CF1AA7E78E4D28491ACEDA2A /* CaveIcon.swift in Sources */,
			);
			runOnlyForDeploymentPostprocessing = 0;
		};
		6518B6626E9C71FFDEEF0F5E /* Sources */ = {
			isa = PBXSourcesBuildPhase;
			buildActionMask = 2147483647;
			files = (
				317EC68685ECA3B2B035EC07 /* ECCTests.swift in Sources */,
				1D7A4AB47066E3C6597ADB5C /* AIIntegrationTests.swift in Sources */,
				24858B8A71CE98CCED1B3F26 /* LoggingActionTests.swift in Sources */,
				749CD1F7A48E7ACDB3E520BE /* CalorieWidgetTests.swift in Sources */,
				79C0D2A8B1BFC35F7ADC178C /* WeightTrackingTests.swift in Sources */,
			);
			runOnlyForDeploymentPostprocessing = 0;
		};
		9A1896B72B1AE2831BDB25CB /* Sources */ = {
			isa = PBXSourcesBuildPhase;
			buildActionMask = 2147483647;
			files = (
				0E46CDDC94EF85B49D2ACDAD /* ECCUITests.swift in Sources */,
				01D68549EFB4A03054092F20 /* LoggingActionUITests.swift in Sources */,
				3FE1EF03536DB20CF9255EAA /* WeightTrackingUITests.swift in Sources */,
			);
			runOnlyForDeploymentPostprocessing = 0;
		};
/* End PBXSourcesBuildPhase section */

/* Begin PBXTargetDependency section */
		421EBAEF5D8528B6529E3E5E /* PBXTargetDependency */ = {
			isa = PBXTargetDependency;
			name = CaveCals;
			target = 02D05E2F57E4C8290671F829 /* CaveCals */;
			targetProxy = DBBEB12D8B357D691BC8CF60 /* PBXContainerItemProxy */;
		};
		A0774D29F46EFD7F90C849AD /* PBXTargetDependency */ = {
			isa = PBXTargetDependency;
			name = QuickLogWidget;
			target = 993DF7784AE8752E1F6CB5BD /* QuickLogWidget */;
			targetProxy = 21ADF72106DEE7FE201781D6 /* PBXContainerItemProxy */;
		};
		CF0A7C2CBC82288EB79C9BBF /* PBXTargetDependency */ = {
			isa = PBXTargetDependency;
			name = CaveCals;
			target = 02D05E2F57E4C8290671F829 /* CaveCals */;
			targetProxy = F20C1016A7775FAA6D24FE48 /* PBXContainerItemProxy */;
		};
/* End PBXTargetDependency section */

/* Begin XCBuildConfiguration section */
		16833120CEC3D2259280B8C0 /* Release */ = {
			isa = XCBuildConfiguration;
			baseConfigurationReference = 1CAFD4B9FB828367FF05E161 /* Backend.xcconfig */;
			buildSettings = {
				APP_ATTEST_ENVIRONMENT = production;
				ASSETCATALOG_COMPILER_APPICON_NAME = AppIcon;
				ASSETCATALOG_COMPILER_GLOBAL_ACCENT_COLOR_NAME = AccentColor;
				CLANG_ENABLE_OBJC_WEAK = NO;
				"CODE_SIGNING_ALLOWED[sdk=iphonesimulator*]" = NO;
				CODE_SIGN_ENTITLEMENTS = App/CaveCals.entitlements;
				CODE_SIGN_STYLE = Automatic;
				CURRENT_PROJECT_VERSION = 3;
				DEVELOPMENT_TEAM = J877QX85N5;
				GENERATE_INFOPLIST_FILE = YES;
				INFOPLIST_FILE = App/Info.plist;
				INFOPLIST_KEY_CFBundleDisplayName = "Cave Cals";
				INFOPLIST_KEY_UIApplicationSceneManifest_Generation = YES;
				INFOPLIST_KEY_UILaunchScreen_Generation = NO;
				INFOPLIST_KEY_UISupportedInterfaceOrientations = UIInterfaceOrientationPortrait;
				IPHONEOS_DEPLOYMENT_TARGET = 17.0;
				LD_RUNPATH_SEARCH_PATHS = (
					"$(inherited)",
					"@executable_path/Frameworks",
				);
				MARKETING_VERSION = 1.0.3;
				PRODUCT_BUNDLE_IDENTIFIER = com.philstarkovich.cavecals;
				SDKROOT = iphoneos;
				SUPPORTS_MACCATALYST = NO;
				SUPPORTS_MAC_DESIGNED_FOR_IPHONE_IPAD = NO;
				SUPPORTS_XR_DESIGNED_FOR_IPHONE_IPAD = NO;
				SWIFT_EMIT_LOC_STRINGS = YES;
				SWIFT_VERSION = 5.0;
				TARGETED_DEVICE_FAMILY = 1;
				VALIDATE_PRODUCT = YES;
			};
			name = Release;
		};
		1E7B85155CA539EA4EA7FAEA /* Debug */ = {
			isa = XCBuildConfiguration;
			buildSettings = {
				APPLICATION_EXTENSION_API_ONLY = YES;
				CLANG_ENABLE_OBJC_WEAK = NO;
				"CODE_SIGNING_ALLOWED[sdk=iphonesimulator*]" = NO;
				CODE_SIGN_ENTITLEMENTS = Widgets/QuickLogWidget.entitlements;
				CODE_SIGN_STYLE = Automatic;
				CURRENT_PROJECT_VERSION = 3;
				DEVELOPMENT_TEAM = J877QX85N5;
				GENERATE_INFOPLIST_FILE = YES;
				INFOPLIST_FILE = Widgets/Info.plist;
				INFOPLIST_KEY_CFBundleDisplayName = "Quick Log";
				IPHONEOS_DEPLOYMENT_TARGET = 17.0;
				LD_RUNPATH_SEARCH_PATHS = (
					"$(inherited)",
					"@executable_path/Frameworks",
					"@executable_path/../../Frameworks",
				);
				MARKETING_VERSION = 1.0.3;
				PRODUCT_BUNDLE_IDENTIFIER = com.philstarkovich.cavecals.QuickLogWidget;
				SDKROOT = iphoneos;
				SKIP_INSTALL = YES;
				SUPPORTS_MACCATALYST = NO;
				SUPPORTS_MAC_DESIGNED_FOR_IPHONE_IPAD = NO;
				SUPPORTS_XR_DESIGNED_FOR_IPHONE_IPAD = NO;
				SWIFT_VERSION = 5.0;
				TARGETED_DEVICE_FAMILY = 1;
			};
			name = Debug;
		};
		5A20655620AF6D916B2B9E85 /* Release */ = {
			isa = XCBuildConfiguration;
			buildSettings = {
				CLANG_ENABLE_OBJC_WEAK = NO;
				"CODE_SIGNING_ALLOWED[sdk=iphonesimulator*]" = NO;
				CODE_SIGN_STYLE = Automatic;
				CURRENT_PROJECT_VERSION = 3;
				GENERATE_INFOPLIST_FILE = YES;
				IPHONEOS_DEPLOYMENT_TARGET = 17.0;
				MARKETING_VERSION = 1.0.3;
				PRODUCT_BUNDLE_IDENTIFIER = com.philstarkovich.cavecals.ECCUITests;
				SDKROOT = iphoneos;
				SUPPORTS_MACCATALYST = NO;
				SUPPORTS_MAC_DESIGNED_FOR_IPHONE_IPAD = NO;
				SUPPORTS_XR_DESIGNED_FOR_IPHONE_IPAD = NO;
				SWIFT_EMIT_LOC_STRINGS = YES;
				SWIFT_VERSION = 5.0;
				TARGETED_DEVICE_FAMILY = 1;
				TEST_TARGET_NAME = CaveCals;
				VALIDATE_PRODUCT = YES;
			};
			name = Release;
		};
		6D36E4B534691AD3A99568A8 /* Debug */ = {
			isa = XCBuildConfiguration;
			buildSettings = {
				CLANG_ENABLE_OBJC_WEAK = NO;
				"CODE_SIGNING_ALLOWED[sdk=iphonesimulator*]" = NO;
				CODE_SIGN_STYLE = Automatic;
				CURRENT_PROJECT_VERSION = 3;
				GENERATE_INFOPLIST_FILE = YES;
				IPHONEOS_DEPLOYMENT_TARGET = 17.0;
				MARKETING_VERSION = 1.0.3;
				PRODUCT_BUNDLE_IDENTIFIER = com.philstarkovich.cavecals.ECCUITests;
				SDKROOT = iphoneos;
				SUPPORTS_MACCATALYST = NO;
				SUPPORTS_MAC_DESIGNED_FOR_IPHONE_IPAD = NO;
				SUPPORTS_XR_DESIGNED_FOR_IPHONE_IPAD = NO;
				SWIFT_EMIT_LOC_STRINGS = YES;
				SWIFT_VERSION = 5.0;
				TARGETED_DEVICE_FAMILY = 1;
				TEST_TARGET_NAME = CaveCals;
			};
			name = Debug;
		};
		6E1F9A824F472EEF9A40BF18 /* Debug */ = {
			isa = XCBuildConfiguration;
			baseConfigurationReference = 1CAFD4B9FB828367FF05E161 /* Backend.xcconfig */;
			buildSettings = {
				APP_ATTEST_ENVIRONMENT = production;
				ASSETCATALOG_COMPILER_APPICON_NAME = AppIcon;
				ASSETCATALOG_COMPILER_GLOBAL_ACCENT_COLOR_NAME = AccentColor;
				CLANG_ENABLE_OBJC_WEAK = NO;
				"CODE_SIGNING_ALLOWED[sdk=iphonesimulator*]" = NO;
				CODE_SIGN_ENTITLEMENTS = App/CaveCals.entitlements;
				CODE_SIGN_STYLE = Automatic;
				CURRENT_PROJECT_VERSION = 3;
				DEVELOPMENT_TEAM = J877QX85N5;
				GENERATE_INFOPLIST_FILE = YES;
				INFOPLIST_FILE = App/Info.plist;
				INFOPLIST_KEY_CFBundleDisplayName = "Cave Cals";
				INFOPLIST_KEY_UIApplicationSceneManifest_Generation = YES;
				INFOPLIST_KEY_UILaunchScreen_Generation = NO;
				INFOPLIST_KEY_UISupportedInterfaceOrientations = UIInterfaceOrientationPortrait;
				IPHONEOS_DEPLOYMENT_TARGET = 17.0;
				LD_RUNPATH_SEARCH_PATHS = (
					"$(inherited)",
					"@executable_path/Frameworks",
				);
				MARKETING_VERSION = 1.0.3;
				PRODUCT_BUNDLE_IDENTIFIER = com.philstarkovich.cavecals;
				SDKROOT = iphoneos;
				SUPPORTS_MACCATALYST = NO;
				SUPPORTS_MAC_DESIGNED_FOR_IPHONE_IPAD = NO;
				SUPPORTS_XR_DESIGNED_FOR_IPHONE_IPAD = NO;
				SWIFT_EMIT_LOC_STRINGS = YES;
				SWIFT_VERSION = 5.0;
				TARGETED_DEVICE_FAMILY = 1;
			};
			name = Debug;
		};
		923E8710FCF12908B595C533 /* Release */ = {
			isa = XCBuildConfiguration;
			buildSettings = {
				BUNDLE_LOADER = "$(TEST_HOST)";
				CLANG_ENABLE_OBJC_WEAK = NO;
				"CODE_SIGNING_ALLOWED[sdk=iphonesimulator*]" = NO;
				CODE_SIGN_STYLE = Automatic;
				CURRENT_PROJECT_VERSION = 3;
				GENERATE_INFOPLIST_FILE = YES;
				IPHONEOS_DEPLOYMENT_TARGET = 17.0;
				MARKETING_VERSION = 1.0.3;
				PRODUCT_BUNDLE_IDENTIFIER = com.philstarkovich.cavecals.ECCTests;
				SDKROOT = iphoneos;
				SUPPORTS_MACCATALYST = NO;
				SUPPORTS_MAC_DESIGNED_FOR_IPHONE_IPAD = NO;
				SUPPORTS_XR_DESIGNED_FOR_IPHONE_IPAD = NO;
				SWIFT_EMIT_LOC_STRINGS = YES;
				SWIFT_VERSION = 5.0;
				TARGETED_DEVICE_FAMILY = 1;
				TEST_HOST = "$(BUILT_PRODUCTS_DIR)/CaveCals.app/$(BUNDLE_EXECUTABLE_FOLDER_PATH)/CaveCals";
				VALIDATE_PRODUCT = YES;
			};
			name = Release;
		};
		B0D79B63C099ADEC8C495CA1 /* Debug */ = {
			isa = XCBuildConfiguration;
			buildSettings = {
				BUNDLE_LOADER = "$(TEST_HOST)";
				CLANG_ENABLE_OBJC_WEAK = NO;
				"CODE_SIGNING_ALLOWED[sdk=iphonesimulator*]" = NO;
				CODE_SIGN_STYLE = Automatic;
				CURRENT_PROJECT_VERSION = 3;
				GENERATE_INFOPLIST_FILE = YES;
				IPHONEOS_DEPLOYMENT_TARGET = 17.0;
				MARKETING_VERSION = 1.0.3;
				PRODUCT_BUNDLE_IDENTIFIER = com.philstarkovich.cavecals.ECCTests;
				SDKROOT = iphoneos;
				SUPPORTS_MACCATALYST = NO;
				SUPPORTS_MAC_DESIGNED_FOR_IPHONE_IPAD = NO;
				SUPPORTS_XR_DESIGNED_FOR_IPHONE_IPAD = NO;
				SWIFT_EMIT_LOC_STRINGS = YES;
				SWIFT_VERSION = 5.0;
				TARGETED_DEVICE_FAMILY = 1;
				TEST_HOST = "$(BUILT_PRODUCTS_DIR)/CaveCals.app/$(BUNDLE_EXECUTABLE_FOLDER_PATH)/CaveCals";
			};
			name = Debug;
		};
		B67550E878E64781CD1DD54E /* Release */ = {
			isa = XCBuildConfiguration;
			buildSettings = {
				ALWAYS_SEARCH_USER_PATHS = NO;
				CLANG_ANALYZER_NONNULL = YES;
				CLANG_ANALYZER_NUMBER_OBJECT_CONVERSION = YES_AGGRESSIVE;
				CLANG_CXX_LANGUAGE_STANDARD = "gnu++14";
				CLANG_CXX_LIBRARY = "libc++";
				CLANG_ENABLE_MODULES = YES;
				CLANG_ENABLE_OBJC_ARC = YES;
				CLANG_ENABLE_OBJC_WEAK = YES;
				CLANG_WARN_BLOCK_CAPTURE_AUTORELEASING = YES;
				CLANG_WARN_BOOL_CONVERSION = YES;
				CLANG_WARN_COMMA = YES;
				CLANG_WARN_CONSTANT_CONVERSION = YES;
				CLANG_WARN_DEPRECATED_OBJC_IMPLEMENTATIONS = YES;
				CLANG_WARN_DIRECT_OBJC_ISA_USAGE = YES_ERROR;
				CLANG_WARN_DOCUMENTATION_COMMENTS = YES;
				CLANG_WARN_EMPTY_BODY = YES;
				CLANG_WARN_ENUM_CONVERSION = YES;
				CLANG_WARN_INFINITE_RECURSION = YES;
				CLANG_WARN_INT_CONVERSION = YES;
				CLANG_WARN_NON_LITERAL_NULL_CONVERSION = YES;
				CLANG_WARN_OBJC_IMPLICIT_RETAIN_SELF = YES;
				CLANG_WARN_OBJC_LITERAL_CONVERSION = YES;
				CLANG_WARN_OBJC_ROOT_CLASS = YES_ERROR;
				CLANG_WARN_QUOTED_INCLUDE_IN_FRAMEWORK_HEADER = YES;
				CLANG_WARN_RANGE_LOOP_ANALYSIS = YES;
				CLANG_WARN_STRICT_PROTOTYPES = YES;
				CLANG_WARN_SUSPICIOUS_MOVE = YES;
				CLANG_WARN_UNGUARDED_AVAILABILITY = YES_AGGRESSIVE;
				CLANG_WARN_UNREACHABLE_CODE = YES;
				CLANG_WARN__DUPLICATE_METHOD_MATCH = YES;
				COPY_PHASE_STRIP = NO;
				DEAD_CODE_STRIPPING = YES;
				DEBUG_INFORMATION_FORMAT = "dwarf-with-dsym";
				ENABLE_NS_ASSERTIONS = NO;
				ENABLE_STRICT_OBJC_MSGSEND = YES;
				ENABLE_USER_SCRIPT_SANDBOXING = YES;
				GCC_C_LANGUAGE_STANDARD = gnu11;
				GCC_NO_COMMON_BLOCKS = YES;
				GCC_WARN_64_TO_32_BIT_CONVERSION = YES;
				GCC_WARN_ABOUT_RETURN_TYPE = YES_ERROR;
				GCC_WARN_UNDECLARED_SELECTOR = YES;
				GCC_WARN_UNINITIALIZED_AUTOS = YES_AGGRESSIVE;
				GCC_WARN_UNUSED_FUNCTION = YES;
				GCC_WARN_UNUSED_VARIABLE = YES;
				MTL_ENABLE_DEBUG_INFO = NO;
				MTL_FAST_MATH = YES;
				PRODUCT_NAME = "$(TARGET_NAME)";
				STRING_CATALOG_GENERATE_SYMBOLS = YES;
				SWIFT_COMPILATION_MODE = wholemodule;
				SWIFT_OPTIMIZATION_LEVEL = "-O";
				SWIFT_VERSION = 5.0;
			};
			name = Release;
		};
		CA5C242115DE7C5D43AA29EB /* Debug */ = {
			isa = XCBuildConfiguration;
			buildSettings = {
				ALWAYS_SEARCH_USER_PATHS = NO;
				CLANG_ANALYZER_NONNULL = YES;
				CLANG_ANALYZER_NUMBER_OBJECT_CONVERSION = YES_AGGRESSIVE;
				CLANG_CXX_LANGUAGE_STANDARD = "gnu++14";
				CLANG_CXX_LIBRARY = "libc++";
				CLANG_ENABLE_MODULES = YES;
				CLANG_ENABLE_OBJC_ARC = YES;
				CLANG_ENABLE_OBJC_WEAK = YES;
				CLANG_WARN_BLOCK_CAPTURE_AUTORELEASING = YES;
				CLANG_WARN_BOOL_CONVERSION = YES;
				CLANG_WARN_COMMA = YES;
				CLANG_WARN_CONSTANT_CONVERSION = YES;
				CLANG_WARN_DEPRECATED_OBJC_IMPLEMENTATIONS = YES;
				CLANG_WARN_DIRECT_OBJC_ISA_USAGE = YES_ERROR;
				CLANG_WARN_DOCUMENTATION_COMMENTS = YES;
				CLANG_WARN_EMPTY_BODY = YES;
				CLANG_WARN_ENUM_CONVERSION = YES;
				CLANG_WARN_INFINITE_RECURSION = YES;
				CLANG_WARN_INT_CONVERSION = YES;
				CLANG_WARN_NON_LITERAL_NULL_CONVERSION = YES;
				CLANG_WARN_OBJC_IMPLICIT_RETAIN_SELF = YES;
				CLANG_WARN_OBJC_LITERAL_CONVERSION = YES;
				CLANG_WARN_OBJC_ROOT_CLASS = YES_ERROR;
				CLANG_WARN_QUOTED_INCLUDE_IN_FRAMEWORK_HEADER = YES;
				CLANG_WARN_RANGE_LOOP_ANALYSIS = YES;
				CLANG_WARN_STRICT_PROTOTYPES = YES;
				CLANG_WARN_SUSPICIOUS_MOVE = YES;
				CLANG_WARN_UNGUARDED_AVAILABILITY = YES_AGGRESSIVE;
				CLANG_WARN_UNREACHABLE_CODE = YES;
				CLANG_WARN__DUPLICATE_METHOD_MATCH = YES;
				COPY_PHASE_STRIP = NO;
				DEAD_CODE_STRIPPING = YES;
				DEBUG_INFORMATION_FORMAT = dwarf;
				ENABLE_STRICT_OBJC_MSGSEND = YES;
				ENABLE_TESTABILITY = YES;
				ENABLE_USER_SCRIPT_SANDBOXING = YES;
				GCC_C_LANGUAGE_STANDARD = gnu11;
				GCC_DYNAMIC_NO_PIC = NO;
				GCC_NO_COMMON_BLOCKS = YES;
				GCC_OPTIMIZATION_LEVEL = 0;
				GCC_PREPROCESSOR_DEFINITIONS = (
					"DEBUG=1",
					"$(inherited)",
				);
				GCC_WARN_64_TO_32_BIT_CONVERSION = YES;
				GCC_WARN_ABOUT_RETURN_TYPE = YES_ERROR;
				GCC_WARN_UNDECLARED_SELECTOR = YES;
				GCC_WARN_UNINITIALIZED_AUTOS = YES_AGGRESSIVE;
				GCC_WARN_UNUSED_FUNCTION = YES;
				GCC_WARN_UNUSED_VARIABLE = YES;
				MTL_ENABLE_DEBUG_INFO = INCLUDE_SOURCE;
				MTL_FAST_MATH = YES;
				ONLY_ACTIVE_ARCH = YES;
				PRODUCT_NAME = "$(TARGET_NAME)";
				STRING_CATALOG_GENERATE_SYMBOLS = YES;
				SWIFT_ACTIVE_COMPILATION_CONDITIONS = DEBUG;
				SWIFT_OPTIMIZATION_LEVEL = "-Onone";
				SWIFT_VERSION = 5.0;
			};
			name = Debug;
		};
		E50BCF1AEE26D5E387A60A75 /* Release */ = {
			isa = XCBuildConfiguration;
			buildSettings = {
				APPLICATION_EXTENSION_API_ONLY = YES;
				CLANG_ENABLE_OBJC_WEAK = NO;
				"CODE_SIGNING_ALLOWED[sdk=iphonesimulator*]" = NO;
				CODE_SIGN_ENTITLEMENTS = Widgets/QuickLogWidget.entitlements;
				CODE_SIGN_STYLE = Automatic;
				CURRENT_PROJECT_VERSION = 3;
				DEVELOPMENT_TEAM = J877QX85N5;
				GENERATE_INFOPLIST_FILE = YES;
				INFOPLIST_FILE = Widgets/Info.plist;
				INFOPLIST_KEY_CFBundleDisplayName = "Quick Log";
				IPHONEOS_DEPLOYMENT_TARGET = 17.0;
				LD_RUNPATH_SEARCH_PATHS = (
					"$(inherited)",
					"@executable_path/Frameworks",
					"@executable_path/../../Frameworks",
				);
				MARKETING_VERSION = 1.0.3;
				PRODUCT_BUNDLE_IDENTIFIER = com.philstarkovich.cavecals.QuickLogWidget;
				SDKROOT = iphoneos;
				SKIP_INSTALL = YES;
				SUPPORTS_MACCATALYST = NO;
				SUPPORTS_MAC_DESIGNED_FOR_IPHONE_IPAD = NO;
				SUPPORTS_XR_DESIGNED_FOR_IPHONE_IPAD = NO;
				SWIFT_VERSION = 5.0;
				TARGETED_DEVICE_FAMILY = 1;
				VALIDATE_PRODUCT = YES;
			};
			name = Release;
		};
/* End XCBuildConfiguration section */

/* Begin XCConfigurationList section */
		177B55BBE54099DE9BB225C2 /* Build configuration list for PBXNativeTarget "ECCUITests" */ = {
			isa = XCConfigurationList;
			buildConfigurations = (
				5A20655620AF6D916B2B9E85 /* Release */,
				6D36E4B534691AD3A99568A8 /* Debug */,
			);
			defaultConfigurationIsVisible = 0;
			defaultConfigurationName = Release;
		};
		2A2D7E712E3A0C1CA328EB49 /* Build configuration list for PBXNativeTarget "QuickLogWidget" */ = {
			isa = XCConfigurationList;
			buildConfigurations = (
				E50BCF1AEE26D5E387A60A75 /* Release */,
				1E7B85155CA539EA4EA7FAEA /* Debug */,
			);
			defaultConfigurationIsVisible = 0;
			defaultConfigurationName = Release;
		};
		48A028014882D2B2CDF6825F /* Build configuration list for PBXNativeTarget "ECCTests" */ = {
			isa = XCConfigurationList;
			buildConfigurations = (
				923E8710FCF12908B595C533 /* Release */,
				B0D79B63C099ADEC8C495CA1 /* Debug */,
			);
			defaultConfigurationIsVisible = 0;
			defaultConfigurationName = Release;
		};
		5132E81A8F899AAF950B71DA /* Build configuration list for PBXProject "CaveCals" */ = {
			isa = XCConfigurationList;
			buildConfigurations = (
				CA5C242115DE7C5D43AA29EB /* Debug */,
				B67550E878E64781CD1DD54E /* Release */,
			);
			defaultConfigurationIsVisible = 0;
			defaultConfigurationName = Release;
		};
		C2EC9E43655AA099CEF613ED /* Build configuration list for PBXNativeTarget "CaveCals" */ = {
			isa = XCConfigurationList;
			buildConfigurations = (
				16833120CEC3D2259280B8C0 /* Release */,
				6E1F9A824F472EEF9A40BF18 /* Debug */,
			);
			defaultConfigurationIsVisible = 0;
			defaultConfigurationName = Release;
		};
/* End XCConfigurationList section */

/* Begin XCRemoteSwiftPackageReference section */
		437805C485804026F8663BD5 /* XCRemoteSwiftPackageReference "purchases-ios" */ = {
			isa = XCRemoteSwiftPackageReference;
			repositoryURL = "https://github.com/RevenueCat/purchases-ios.git";
			requirement = {
				kind = exactVersion;
				version = 5.88.0;
			};
		};
/* End XCRemoteSwiftPackageReference section */

/* Begin XCSwiftPackageProductDependency section */
		478C002A46CD3337FA7531CC /* RevenueCat */ = {
			isa = XCSwiftPackageProductDependency;
			package = 437805C485804026F8663BD5 /* XCRemoteSwiftPackageReference "purchases-ios" */;
			productName = RevenueCat;
		};
		E69A66047C3621631D6440F9 /* RevenueCatUI */ = {
			isa = XCSwiftPackageProductDependency;
			package = 437805C485804026F8663BD5 /* XCRemoteSwiftPackageReference "purchases-ios" */;
			productName = RevenueCatUI;
		};
/* End XCSwiftPackageProductDependency section */
	};
	rootObject = 89732D764A9481DB29636720 /* Project object */;
}
